
Microsoft Visual Studio Solution File, Format Version 12.00
# Visual Studio Version 17
VisualStudioVersion = 17.4.33213.308
MinimumVisualStudioVersion = 10.0.40219.1
Project("{FAE04EC0-301F-11D3-BF4B-00C04F79EFBC}") = "BackPropagation Calculation", "BackPropagation Calculation.csproj", "{F153FD6F-C74B-41B6-AEDE-3C6A4416D46A}"
EndProject
Global
	GlobalSection(SolutionConfigurationPlatforms) = preSolution
		Debug|Any CPU = Debug|Any CPU
		Release|Any CPU = Release|Any CPU
	EndGlobalSection
	GlobalSection(ProjectConfigurationPlatforms) = postSolution
		{F153FD6F-C74B-41B6-AEDE-3C6A4416D46A}.Debug|Any CPU.ActiveCfg = Debug|Any CPU
		{F153FD6F-C74B-41B6-AEDE-3C6A4416D46A}.Debug|Any CPU.Build.0 = Debug|Any CPU
		{F153FD6F-C74B-41B6-AEDE-3C6A4416D46A}.Release|Any CPU.ActiveCfg = Release|Any CPU
		{F153FD6F-C74B-41B6-AEDE-3C6A4416D46A}.Release|Any CPU.Build.0 = Release|Any CPU
	EndGlobalSection
	GlobalSection(SolutionProperties) = preSolution
		HideSolutionNode = FALSE
	EndGlobalSection
	GlobalSection(ExtensibilityGlobals) = postSolution
		SolutionGuid = {B328A826-2EEB-43BD-B22D-FDF5E1EEAD0B}
	EndGlobalSection
EndGlobal
